
Microsoft Visual Studio Solution File, Format Version 12.00
# Visual Studio Version 16
VisualStudioVersion = 16.0.29728.190
MinimumVisualStudioVersion = 10.0.40219.1
Project("{FAE04EC0-301F-11D3-BF4B-00C04F79EFBC}") = "Devulapally_Exam02", "Devulapally_Exam02\Devulapally_Exam02.csproj", "{7286C77A-B343-457E-8A80-30DB17BF696B}"
EndProject
Global
	GlobalSection(SolutionConfigurationPlatforms) = preSolution
		Debug|Any CPU = Debug|Any CPU
		Release|Any CPU = Release|Any CPU
	EndGlobalSection
	GlobalSection(ProjectConfigurationPlatforms) = postSolution
		{7286C77A-B343-457E-8A80-30DB17BF696B}.Debug|Any CPU.ActiveCfg = Debug|Any CPU
		{7286C77A-B343-457E-8A80-30DB17BF696B}.Debug|Any CPU.Build.0 = Debug|Any CPU
		{7286C77A-B343-457E-8A80-30DB17BF696B}.Release|Any CPU.ActiveCfg = Release|Any CPU
		{7286C77A-B343-457E-8A80-30DB17BF696B}.Release|Any CPU.Build.0 = Release|Any CPU
	EndGlobalSection
	GlobalSection(SolutionProperties) = preSolution
		HideSolutionNode = FALSE
	EndGlobalSection
	GlobalSection(ExtensibilityGlobals) = postSolution
		SolutionGuid = {8154204B-29BE-4B15-AB7A-693BB771665F}
	EndGlobalSection
EndGlobal
